// !$*UTF8*$!
{
	archiveVersion = 1;
	classes = {
	};
	objectVersion = 48;
	objects = {

/* Begin PBXBuildFile section */
		AA5DD9DE203F8953007B2134 /* AppDelegate.m in Sources */ = {isa = PBXBuildFile; fileRef = AA5DD9DD203F8953007B2134 /* AppDelegate.m */; };
		AA5DD9E1203F8953007B2134 /* ViewController.m in Sources */ = {isa = PBXBuildFile; fileRef = AA5DD9E0203F8953007B2134 /* ViewController.m */; };
		AA5DD9E4203F8953007B2134 /* Main.storyboard in Resources */ = {isa = PBXBuildFile; fileRef = AA5DD9E2203F8953007B2134 /* Main.storyboard */; };
		AA5DD9E6203F8953007B2134 /* Assets.xcassets in Resources */ = {isa = PBXBuildFile; fileRef = AA5DD9E5203F8953007B2134 /* Assets.xcassets */; };
		AA5DD9E9203F8953007B2134 /* LaunchScreen.storyboard in Resources */ = {isa = PBXBuildFile; fileRef = AA5DD9E7203F8953007B2134 /* LaunchScreen.storyboard */; };
		AA5DD9EC203F8953007B2134 /* main.m in Sources */ = {isa = PBXBuildFile; fileRef = AA5DD9EB203F8953007B2134 /* main.m */; };
		AA5DDA0F203F8C95007B2134 /* MixiSampleClass.m in Sources */ = {isa = PBXBuildFile; fileRef = AA5DDA0E203F8C95007B2134 /* MixiSampleClass.m */; };
/* End PBXBuildFile section */

/* Begin PBXContainerItemProxy section */
		AA5DD9F2203F8953007B2134 /* PBXContainerItemProxy */ = {
			isa = PBXContainerItemProxy;
			containerPortal = AA5DD9D1203F8953007B2134 /* Project object */;
			proxyType = 1;
			remoteGlobalIDString = AA5DD9D8203F8953007B2134;
			remoteInfo = BasicObjectiveC;
		};
		AA5DD9FD203F8953007B2134 /* PBXContainerItemProxy */ = {
			isa = PBXContainerItemProxy;
			containerPortal = AA5DD9D1203F8953007B2134 /* Project object */;
			proxyType = 1;
			remoteGlobalIDString = AA5DD9D8203F8953007B2134;
			remoteInfo = BasicObjectiveC;
		};
/* End PBXContainerItemProxy section */

/* Begin PBXFileReference section */
		AA5DD9D9203F8953007B2134 /* BasicObjectiveC.app */ = {isa = PBXFileReference; explicitFileType = wrapper.application; includeInIndex = 0; path = BasicObjectiveC.app; sourceTree = BUILT_PRODUCTS_DIR; };
		AA5DD9DC203F8953007B2134 /* AppDelegate.h */ = {isa = PBXFileReference; lastKnownFileType = sourcecode.c.h; path = AppDelegate.h; sourceTree = "<group>"; };
		AA5DD9DD203F8953007B2134 /* AppDelegate.m */ = {isa = PBXFileReference; lastKnownFileType = sourcecode.c.objc; path = AppDelegate.m; sourceTree = "<group>"; };
		AA5DD9DF203F8953007B2134 /* ViewController.h */ = {isa = PBXFileReference; lastKnownFileType = sourcecode.c.h; path = ViewController.h; sourceTree = "<group>"; };
		AA5DD9E0203F8953007B2134 /* ViewController.m */ = {isa = PBXFileReference; lastKnownFileType = sourcecode.c.objc; path = ViewController.m; sourceTree = "<group>"; };
		AA5DD9E3203F8953007B2134 /* Base */ = {isa = PBXFileReference; lastKnownFileType = file.storyboard; name = Base; path = Base.lproj/Main.storyboard; sourceTree = "<group>"; };
		AA5DD9E5203F8953007B2134 /* Assets.xcassets */ = {isa = PBXFileReference; lastKnownFileType = folder.assetcatalog; path = Assets.xcassets; sourceTree = "<group>"; };
		AA5DD9E8203F8953007B2134 /* Base */ = {isa = PBXFileReference; lastKnownFileType = file.storyboard; name = Base; path = Base.lproj/LaunchScreen.storyboard; sourceTree = "<group>"; };
		AA5DD9EA203F8953007B2134 /* Info.plist */ = {isa = PBXFileReference; lastKnownFileType = text.plist.xml; path = Info.plist; sourceTree = "<group>"; };
		AA5DD9EB203F8953007B2134 /* main.m */ = {isa = PBXFileReference; lastKnownFileType = sourcecode.c.objc; path = main.m; sourceTree = "<group>"; };
		AA5DD9F1203F8953007B2134 /* BasicObjectiveCTests.xctest */ = {isa = PBXFileReference; explicitFileType = wrapper.cfbundle; includeInIndex = 0; path = BasicObjectiveCTests.xctest; sourceTree = BUILT_PRODUCTS_DIR; };
		AA5DD9FC203F8953007B2134 /* BasicObjectiveCUITests.xctest */ = {isa = PBXFileReference; explicitFileType = wrapper.cfbundle; includeInIndex = 0; path = BasicObjectiveCUITests.xctest; sourceTree = BUILT_PRODUCTS_DIR; };
		AA5DDA0E203F8C95007B2134 /* MixiSampleClass.m */ = {isa = PBXFileReference; lastKnownFileType = sourcecode.c.objc; path = MixiSampleClass.m; sourceTree = "<group>"; };
		AA5DDA10203F8CAC007B2134 /* MixiSampleClass.h */ = {isa = PBXFileReference; lastKnownFileType = sourcecode.c.h; path = MixiSampleClass.h; sourceTree = "<group>"; };
/* End PBXFileReference section */

/* Begin PBXFrameworksBuildPhase section */
		AA5DD9D6203F8953007B2134 /* Frameworks */ = {
			isa = PBXFrameworksBuildPhase;
			buildActionMask = 2147483647;
			files = (
			);
			runOnlyForDeploymentPostprocessing = 0;
		};
		AA5DD9EE203F8953007B2134 /* Frameworks */ = {
			isa = PBXFrameworksBuildPhase;
			buildActionMask = 2147483647;
			files = (
			);
			runOnlyForDeploymentPostprocessing = 0;
		};
		AA5DD9F9203F8953007B2134 /* Frameworks */ = {
			isa = PBXFrameworksBuildPhase;
			buildActionMask = 2147483647;
			files = (
			);
			runOnlyForDeploymentPostprocessing = 0;
		};
/* End PBXFrameworksBuildPhase section */

/* Begin PBXGroup section */
		AA5DD9D0203F8953007B2134 = {
			isa = PBXGroup;
			children = (
				AA5DD9DB203F8953007B2134 /* BasicObjectiveC */,
				AA5DD9DA203F8953007B2134 /* Products */,
			);
			sourceTree = "<group>";
		};
		AA5DD9DA203F8953007B2134 /* Products */ = {
			isa = PBXGroup;
			children = (
				AA5DD9D9203F8953007B2134 /* BasicObjectiveC.app */,
				AA5DD9F1203F8953007B2134 /* BasicObjectiveCTests.xctest */,
				AA5DD9FC203F8953007B2134 /* BasicObjectiveCUITests.xctest */,
			);
			name = Products;
			sourceTree = "<group>";
		};
		AA5DD9DB203F8953007B2134 /* BasicObjectiveC */ = {
			isa = PBXGroup;
			children = (
				AA5DD9DC203F8953007B2134 /* AppDelegate.h */,
				AA5DD9DD203F8953007B2134 /* AppDelegate.m */,
				AA5DD9DF203F8953007B2134 /* ViewController.h */,
				AA5DD9E0203F8953007B2134 /* ViewController.m */,
				AA5DD9E2203F8953007B2134 /* Main.storyboard */,
				AA5DD9E5203F8953007B2134 /* Assets.xcassets */,
				AA5DD9E7203F8953007B2134 /* LaunchScreen.storyboard */,
				AA5DD9EA203F8953007B2134 /* Info.plist */,
				AA5DD9EB203F8953007B2134 /* main.m */,
				AA5DDA0E203F8C95007B2134 /* MixiSampleClass.m */,
				AA5DDA10203F8CAC007B2134 /* MixiSampleClass.h */,
			);
			path = BasicObjectiveC;
			sourceTree = "<group>";
		};
/* End PBXGroup section */

/* Begin PBXNativeTarget section */
		AA5DD9D8203F8953007B2134 /* BasicObjectiveC */ = {
			isa = PBXNativeTarget;
			buildConfigurationList = AA5DDA05203F8953007B2134 /* Build configuration list for PBXNativeTarget "BasicObjectiveC" */;
			buildPhases = (
				AA5DD9D5203F8953007B2134 /* Sources */,
				AA5DD9D6203F8953007B2134 /* Frameworks */,
				AA5DD9D7203F8953007B2134 /* Resources */,
			);
			buildRules = (
			);
			dependencies = (
			);
			name = BasicObjectiveC;
			productName = BasicObjectiveC;
			productReference = AA5DD9D9203F8953007B2134 /* BasicObjectiveC.app */;
			productType = "com.apple.product-type.application";
		};
		AA5DD9F0203F8953007B2134 /* BasicObjectiveCTests */ = {
			isa = PBXNativeTarget;
			buildConfigurationList = AA5DDA08203F8953007B2134 /* Build configuration list for PBXNativeTarget "BasicObjectiveCTests" */;
			buildPhases = (
				AA5DD9ED203F8953007B2134 /* Sources */,
				AA5DD9EE203F8953007B2134 /* Frameworks */,
				AA5DD9EF203F8953007B2134 /* Resources */,
			);
			buildRules = (
			);
			dependencies = (
				AA5DD9F3203F8953007B2134 /* PBXTargetDependency */,
			);
			name = BasicObjectiveCTests;
			productName = BasicObjectiveCTests;
			productReference = AA5DD9F1203F8953007B2134 /* BasicObjectiveCTests.xctest */;
			productType = "com.apple.product-type.bundle.unit-test";
		};
		AA5DD9FB203F8953007B2134 /* BasicObjectiveCUITests */ = {
			isa = PBXNativeTarget;
			buildConfigurationList = AA5DDA0B203F8953007B2134 /* Build configuration list for PBXNativeTarget "BasicObjectiveCUITests" */;
			buildPhases = (
				AA5DD9F8203F8953007B2134 /* Sources */,
				AA5DD9F9203F8953007B2134 /* Frameworks */,
				AA5DD9FA203F8953007B2134 /* Resources */,
			);
			buildRules = (
			);
			dependencies = (
				AA5DD9FE203F8953007B2134 /* PBXTargetDependency */,
			);
			name = BasicObjectiveCUITests;
			productName = BasicObjectiveCUITests;
			productReference = AA5DD9FC203F8953007B2134 /* BasicObjectiveCUITests.xctest */;
			productType = "com.apple.product-type.bundle.ui-testing";
		};
/* End PBXNativeTarget section */

/* Begin PBXProject section */
		AA5DD9D1203F8953007B2134 /* Project object */ = {
			isa = PBXProject;
			attributes = {
				LastUpgradeCheck = 0920;
				ORGANIZATIONNAME = "Yoshikazu Ando";
				TargetAttributes = {
					AA5DD9D8203F8953007B2134 = {
						CreatedOnToolsVersion = 9.2;
						ProvisioningStyle = Automatic;
					};
					AA5DD9F0203F8953007B2134 = {
						CreatedOnToolsVersion = 9.2;
						ProvisioningStyle = Automatic;
						TestTargetID = AA5DD9D8203F8953007B2134;
					};
					AA5DD9FB203F8953007B2134 = {
						CreatedOnToolsVersion = 9.2;
						ProvisioningStyle = Automatic;
						TestTargetID = AA5DD9D8203F8953007B2134;
					};
				};
			};
			buildConfigurationList = AA5DD9D4203F8953007B2134 /* Build configuration list for PBXProject "BasicObjectiveC" */;
			compatibilityVersion = "Xcode 8.0";
			developmentRegion = en;
			hasScannedForEncodings = 0;
			knownRegions = (
				en,
				Base,
			);
			mainGroup = AA5DD9D0203F8953007B2134;
			productRefGroup = AA5DD9DA203F8953007B2134 /* Products */;
			projectDirPath = "";
			projectRoot = "";
			targets = (
				AA5DD9D8203F8953007B2134 /* BasicObjectiveC */,
				AA5DD9F0203F8953007B2134 /* BasicObjectiveCTests */,
				AA5DD9FB203F8953007B2134 /* BasicObjectiveCUITests */,
			);
		};
/* End PBXProject section */

/* Begin PBXResourcesBuildPhase section */
		AA5DD9D7203F8953007B2134 /* Resources */ = {
			isa = PBXResourcesBuildPhase;
			buildActionMask = 2147483647;
			files = (
				AA5DD9E9203F8953007B2134 /* LaunchScreen.storyboard in Resources */,
				AA5DD9E6203F8953007B2134 /* Assets.xcassets in Resources */,
				AA5DD9E4203F8953007B2134 /* Main.storyboard in Resources */,
			);
			runOnlyForDeploymentPostprocessing = 0;
		};
		AA5DD9EF203F8953007B2134 /* Resources */ = {
			isa = PBXResourcesBuildPhase;
			buildActionMask = 2147483647;
			files = (
			);
			runOnlyForDeploymentPostprocessing = 0;
		};
		AA5DD9FA203F8953007B2134 /* Resources */ = {
			isa = PBXResourcesBuildPhase;
			buildActionMask = 2147483647;
			files = (
			);
			runOnlyForDeploymentPostprocessing = 0;
		};
/* End PBXResourcesBuildPhase section */

/* Begin PBXSourcesBuildPhase section */
		AA5DD9D5203F8953007B2134 /* Sources */ = {
			isa = PBXSourcesBuildPhase;
			buildActionMask = 2147483647;
			files = (
				AA5DD9E1203F8953007B2134 /* ViewController.m in Sources */,
				AA5DD9EC203F8953007B2134 /* main.m in Sources */,
				AA5DD9DE203F8953007B2134 /* AppDelegate.m in Sources */,
				AA5DDA0F203F8C95007B2134 /* MixiSampleClass.m in Sources */,
			);
			runOnlyForDeploymentPostprocessing = 0;
		};
		AA5DD9ED203F8953007B2134 /* Sources */ = {
			isa = PBXSourcesBuildPhase;
			buildActionMask = 2147483647;
			files = (
			);
			runOnlyForDeploymentPostprocessing = 0;
		};
		AA5DD9F8203F8953007B2134 /* Sources */ = {
			isa = PBXSourcesBuildPhase;
			buildActionMask = 2147483647;
			files = (
			);
			runOnlyForDeploymentPostprocessing = 0;
		};
/* End PBXSourcesBuildPhase section */

/* Begin PBXTargetDependency section */
		AA5DD9F3203F8953007B2134 /* PBXTargetDependency */ = {
			isa = PBXTargetDependency;
			target = AA5DD9D8203F8953007B2134 /* BasicObjectiveC */;
			targetProxy = AA5DD9F2203F8953007B2134 /* PBXContainerItemProxy */;
		};
		AA5DD9FE203F8953007B2134 /* PBXTargetDependency */ = {
			isa = PBXTargetDependency;
			target = AA5DD9D8203F8953007B2134 /* BasicObjectiveC */;
			targetProxy = AA5DD9FD203F8953007B2134 /* PBXContainerItemProxy */;
		};
/* End PBXTargetDependency section */

/* Begin PBXVariantGroup section */
		AA5DD9E2203F8953007B2134 /* Main.storyboard */ = {
			isa = PBXVariantGroup;
			children = (
				AA5DD9E3203F8953007B2134 /* Base */,
			);
			name = Main.storyboard;
			sourceTree = "<group>";
		};
		AA5DD9E7203F8953007B2134 /* LaunchScreen.storyboard */ = {
			isa = PBXVariantGroup;
			children = (
				AA5DD9E8203F8953007B2134 /* Base */,
			);
			name = LaunchScreen.storyboard;
			sourceTree = "<group>";
		};
/* End PBXVariantGroup section */

/* Begin XCBuildConfiguration section */
		AA5DDA03203F8953007B2134 /* Debug */ = {
			isa = XCBuildConfiguration;
			buildSettings = {
				ALWAYS_SEARCH_USER_PATHS = NO;
				CLANG_ANALYZER_NONNULL = YES;
				CLANG_ANALYZER_NUMBER_OBJECT_CONVERSION = YES_AGGRESSIVE;
				CLANG_CXX_LANGUAGE_STANDARD = "gnu++14";
				CLANG_CXX_LIBRARY = "libc++";
				CLANG_ENABLE_MODULES = YES;
				CLANG_ENABLE_OBJC_ARC = YES;
				CLANG_WARN_BLOCK_CAPTURE_AUTORELEASING = YES;
				CLANG_WARN_BOOL_CONVERSION = YES;
				CLANG_WARN_COMMA = YES;
				CLANG_WARN_CONSTANT_CONVERSION = YES;
				CLANG_WARN_DIRECT_OBJC_ISA_USAGE = YES_ERROR;
				CLANG_WARN_DOCUMENTATION_COMMENTS = YES;
				CLANG_WARN_EMPTY_BODY = YES;
				CLANG_WARN_ENUM_CONVERSION = YES;
				CLANG_WARN_INFINITE_RECURSION = YES;
				CLANG_WARN_INT_CONVERSION = YES;
				CLANG_WARN_NON_LITERAL_NULL_CONVERSION = YES;
				CLANG_WARN_OBJC_LITERAL_CONVERSION = YES;
				CLANG_WARN_OBJC_ROOT_CLASS = YES_ERROR;
				CLANG_WARN_RANGE_LOOP_ANALYSIS = YES;
				CLANG_WARN_STRICT_PROTOTYPES = YES;
				CLANG_WARN_SUSPICIOUS_MOVE = YES;
				CLANG_WARN_UNGUARDED_AVAILABILITY = YES_AGGRESSIVE;
				CLANG_WARN_UNREACHABLE_CODE = YES;
				CLANG_WARN__DUPLICATE_METHOD_MATCH = YES;
				CODE_SIGN_IDENTITY = "iPhone Developer";
				COPY_PHASE_STRIP = NO;
				DEBUG_INFORMATION_FORMAT = dwarf;
				ENABLE_STRICT_OBJC_MSGSEND = YES;
				ENABLE_TESTABILITY = YES;
				GCC_C_LANGUAGE_STANDARD = gnu11;
				GCC_DYNAMIC_NO_PIC = NO;
				GCC_NO_COMMON_BLOCKS = YES;
				GCC_OPTIMIZATION_LEVEL = 0;
				GCC_PREPROCESSOR_DEFINITIONS = (
					"DEBUG=1",
					"$(inherited)",
				);
				GCC_WARN_64_TO_32_BIT_CONVERSION = YES;
				GCC_WARN_ABOUT_RETURN_TYPE = YES_ERROR;
				GCC_WARN_UNDECLARED_SELECTOR = YES;
				GCC_WARN_UNINITIALIZED_AUTOS = YES_AGGRESSIVE;
				GCC_WARN_UNUSED_FUNCTION = YES;
				GCC_WARN_UNUSED_VARIABLE = YES;
				IPHONEOS_DEPLOYMENT_TARGET = 11.2;
				MTL_ENABLE_DEBUG_INFO = YES;
				ONLY_ACTIVE_ARCH = YES;
				SDKROOT = iphoneos;
			};
			name = Debug;
		};
		AA5DDA04203F8953007B2134 /* Release */ = {
			isa = XCBuildConfiguration;
			buildSettings = {
				ALWAYS_SEARCH_USER_PATHS = NO;
				CLANG_ANALYZER_NONNULL = YES;
				CLANG_ANALYZER_NUMBER_OBJECT_CONVERSION = YES_AGGRESSIVE;
				CLANG_CXX_LANGUAGE_STANDARD = "gnu++14";
				CLANG_CXX_LIBRARY = "libc++";
				CLANG_ENABLE_MODULES = YES;
				CLANG_ENABLE_OBJC_ARC = YES;
				CLANG_WARN_BLOCK_CAPTURE_AUTORELEASING = YES;
				CLANG_WARN_BOOL_CONVERSION = YES;
				CLANG_WARN_COMMA = YES;
				CLANG_WARN_CONSTANT_CONVERSION = YES;
				CLANG_WARN_DIRECT_OBJC_ISA_USAGE = YES_ERROR;
				CLANG_WARN_DOCUMENTATION_COMMENTS = YES;
				CLANG_WARN_EMPTY_BODY = YES;
				CLANG_WARN_ENUM_CONVERSION = YES;
				CLANG_WARN_INFINITE_RECURSION = YES;
				CLANG_WARN_INT_CONVERSION = YES;
				CLANG_WARN_NON_LITERAL_NULL_CONVERSION = YES;
				CLANG_WARN_OBJC_LITERAL_CONVERSION = YES;
				CLANG_WARN_OBJC_ROOT_CLASS = YES_ERROR;
				CLANG_WARN_RANGE_LOOP_ANALYSIS = YES;
				CLANG_WARN_STRICT_PROTOTYPES = YES;
				CLANG_WARN_SUSPICIOUS_MOVE = YES;
				CLANG_WARN_UNGUARDED_AVAILABILITY = YES_AGGRESSIVE;
				CLANG_WARN_UNREACHABLE_CODE = YES;
				CLANG_WARN__DUPLICATE_METHOD_MATCH = YES;
				CODE_SIGN_IDENTITY = "iPhone Developer";
				COPY_PHASE_STRIP = NO;
				DEBUG_INFORMATION_FORMAT = "dwarf-with-dsym";
				ENABLE_NS_ASSERTIONS = NO;
				ENABLE_STRICT_OBJC_MSGSEND = YES;
				GCC_C_LANGUAGE_STANDARD = gnu11;
				GCC_NO_COMMON_BLOCKS = YES;
				GCC_WARN_64_TO_32_BIT_CONVERSION = YES;
				GCC_WARN_ABOUT_RETURN_TYPE = YES_ERROR;
				GCC_WARN_UNDECLARED_SELECTOR = YES;
				GCC_WARN_UNINITIALIZED_AUTOS = YES_AGGRESSIVE;
				GCC_WARN_UNUSED_FUNCTION = YES;
				GCC_WARN_UNUSED_VARIABLE = YES;
				IPHONEOS_DEPLOYMENT_TARGET = 11.2;
				MTL_ENABLE_DEBUG_INFO = NO;
				SDKROOT = iphoneos;
				VALIDATE_PRODUCT = YES;
			};
			name = Release;
		};
		AA5DDA06203F8953007B2134 /* Debug */ = {
			isa = XCBuildConfiguration;
			buildSettings = {
				ASSETCATALOG_COMPILER_APPICON_NAME = AppIcon;
				CODE_SIGN_STYLE = Automatic;
				INFOPLIST_FILE = BasicObjectiveC/Info.plist;
				LD_RUNPATH_SEARCH_PATHS = "$(inherited) @executable_path/Frameworks";
				PRODUCT_BUNDLE_IDENTIFIER = com.andooown.BasicObjectiveC;
				PRODUCT_NAME = "$(TARGET_NAME)";
				TARGETED_DEVICE_FAMILY = "1,2";
			};
			name = Debug;
		};
		AA5DDA07203F8953007B2134 /* Release */ = {
			isa = XCBuildConfiguration;
			buildSettings = {
				ASSETCATALOG_COMPILER_APPICON_NAME = AppIcon;
				CODE_SIGN_STYLE = Automatic;
				INFOPLIST_FILE = BasicObjectiveC/Info.plist;
				LD_RUNPATH_SEARCH_PATHS = "$(inherited) @executable_path/Frameworks";
				PRODUCT_BUNDLE_IDENTIFIER = com.andooown.BasicObjectiveC;
				PRODUCT_NAME = "$(TARGET_NAME)";
				TARGETED_DEVICE_FAMILY = "1,2";
			};
			name = Release;
		};
		AA5DDA09203F8953007B2134 /* Debug */ = {
			isa = XCBuildConfiguration;
			buildSettings = {
				BUNDLE_LOADER = "$(TEST_HOST)";
				CODE_SIGN_STYLE = Automatic;
				INFOPLIST_FILE = BasicObjectiveCTests/Info.plist;
				LD_RUNPATH_SEARCH_PATHS = "$(inherited) @executable_path/Frameworks @loader_path/Frameworks";
				PRODUCT_BUNDLE_IDENTIFIER = com.andooown.BasicObjectiveCTests;
				PRODUCT_NAME = "$(TARGET_NAME)";
				TARGETED_DEVICE_FAMILY = "1,2";
				TEST_HOST = "$(BUILT_PRODUCTS_DIR)/BasicObjectiveC.app/BasicObjectiveC";
			};
			name = Debug;
		};
		AA5DDA0A203F8953007B2134 /* Release */ = {
			isa = XCBuildConfiguration;
			buildSettings = {
				BUNDLE_LOADER = "$(TEST_HOST)";
				CODE_SIGN_STYLE = Automatic;
				INFOPLIST_FILE = BasicObjectiveCTests/Info.plist;
				LD_RUNPATH_SEARCH_PATHS = "$(inherited) @executable_path/Frameworks @loader_path/Frameworks";
				PRODUCT_BUNDLE_IDENTIFIER = com.andooown.BasicObjectiveCTests;
				PRODUCT_NAME = "$(TARGET_NAME)";
				TARGETED_DEVICE_FAMILY = "1,2";
				TEST_HOST = "$(BUILT_PRODUCTS_DIR)/BasicObjectiveC.app/BasicObjectiveC";
			};
			name = Release;
		};
		AA5DDA0C203F8953007B2134 /* Debug */ = {
			isa = XCBuildConfiguration;
			buildSettings = {
				CODE_SIGN_STYLE = Automatic;
				INFOPLIST_FILE = BasicObjectiveCUITests/Info.plist;
				LD_RUNPATH_SEARCH_PATHS = "$(inherited) @executable_path/Frameworks @loader_path/Frameworks";
				PRODUCT_BUNDLE_IDENTIFIER = com.andooown.BasicObjectiveCUITests;
				PRODUCT_NAME = "$(TARGET_NAME)";
				TARGETED_DEVICE_FAMILY = "1,2";
				TEST_TARGET_NAME = BasicObjectiveC;
			};
			name = Debug;
		};
		AA5DDA0D203F8953007B2134 /* Release */ = {
			isa = XCBuildConfiguration;
			buildSettings = {
				CODE_SIGN_STYLE = Automatic;
				INFOPLIST_FILE = BasicObjectiveCUITests/Info.plist;
				LD_RUNPATH_SEARCH_PATHS = "$(inherited) @executable_path/Frameworks @loader_path/Frameworks";
				PRODUCT_BUNDLE_IDENTIFIER = com.andooown.BasicObjectiveCUITests;
				PRODUCT_NAME = "$(TARGET_NAME)";
				TARGETED_DEVICE_FAMILY = "1,2";
				TEST_TARGET_NAME = BasicObjectiveC;
			};
			name = Release;
		};
/* End XCBuildConfiguration section */

/* Begin XCConfigurationList section */
		AA5DD9D4203F8953007B2134 /* Build configuration list for PBXProject "BasicObjectiveC" */ = {
			isa = XCConfigurationList;
			buildConfigurations = (
				AA5DDA03203F8953007B2134 /* Debug */,
				AA5DDA04203F8953007B2134 /* Release */,
			);
			defaultConfigurationIsVisible = 0;
			defaultConfigurationName = Release;
		};
		AA5DDA05203F8953007B2134 /* Build configuration list for PBXNativeTarget "BasicObjectiveC" */ = {
			isa = XCConfigurationList;
			buildConfigurations = (
				AA5DDA06203F8953007B2134 /* Debug */,
				AA5DDA07203F8953007B2134 /* Release */,
			);
			defaultConfigurationIsVisible = 0;
			defaultConfigurationName = Release;
		};
		AA5DDA08203F8953007B2134 /* Build configuration list for PBXNativeTarget "BasicObjectiveCTests" */ = {
			isa = XCConfigurationList;
			buildConfigurations = (
				AA5DDA09203F8953007B2134 /* Debug */,
				AA5DDA0A203F8953007B2134 /* Release */,
			);
			defaultConfigurationIsVisible = 0;
			defaultConfigurationName = Release;
		};
		AA5DDA0B203F8953007B2134 /* Build configuration list for PBXNativeTarget "BasicObjectiveCUITests" */ = {
			isa = XCConfigurationList;
			buildConfigurations = (
				AA5DDA0C203F8953007B2134 /* Debug */,
				AA5DDA0D203F8953007B2134 /* Release */,
			);
			defaultConfigurationIsVisible = 0;
			defaultConfigurationName = Release;
		};
/* End XCConfigurationList section */
	};
	rootObject = AA5DD9D1203F8953007B2134 /* Project object */;
}
