// !$*UTF8*$!
{
	archiveVersion = 1;
	classes = {
	};
	objectVersion = 48;
	objects = {

/* Begin PBXBuildFile section */
		AA5684832042EEF300706C42 /* AppDelegate.m in Sources */ = {isa = PBXBuildFile; fileRef = AA5684822042EEF300706C42 /* AppDelegate.m */; };
		AA5684862042EEF300706C42 /* ViewController.m in Sources */ = {isa = PBXBuildFile; fileRef = AA5684852042EEF300706C42 /* ViewController.m */; };
		AA5684892042EEF300706C42 /* Main.storyboard in Resources */ = {isa = PBXBuildFile; fileRef = AA5684872042EEF300706C42 /* Main.storyboard */; };
		AA56848B2042EEF300706C42 /* Assets.xcassets in Resources */ = {isa = PBXBuildFile; fileRef = AA56848A2042EEF300706C42 /* Assets.xcassets */; };
		AA56848E2042EEF300706C42 /* LaunchScreen.storyboard in Resources */ = {isa = PBXBuildFile; fileRef = AA56848C2042EEF300706C42 /* LaunchScreen.storyboard */; };
		AA5684912042EEF300706C42 /* main.m in Sources */ = {isa = PBXBuildFile; fileRef = AA5684902042EEF300706C42 /* main.m */; };
		AA56849B2042F0CE00706C42 /* MixiSampleViewController.m in Sources */ = {isa = PBXBuildFile; fileRef = AA5684992042F0CE00706C42 /* MixiSampleViewController.m */; };
		AA56849C2042F0CE00706C42 /* MixiSampleViewController.xib in Resources */ = {isa = PBXBuildFile; fileRef = AA56849A2042F0CE00706C42 /* MixiSampleViewController.xib */; };
/* End PBXBuildFile section */

/* Begin PBXFileReference section */
		AA56847E2042EEF300706C42 /* MyFirstProject.app */ = {isa = PBXFileReference; explicitFileType = wrapper.application; includeInIndex = 0; path = MyFirstProject.app; sourceTree = BUILT_PRODUCTS_DIR; };
		AA5684812042EEF300706C42 /* AppDelegate.h */ = {isa = PBXFileReference; lastKnownFileType = sourcecode.c.h; path = AppDelegate.h; sourceTree = "<group>"; };
		AA5684822042EEF300706C42 /* AppDelegate.m */ = {isa = PBXFileReference; lastKnownFileType = sourcecode.c.objc; path = AppDelegate.m; sourceTree = "<group>"; };
		AA5684842042EEF300706C42 /* ViewController.h */ = {isa = PBXFileReference; lastKnownFileType = sourcecode.c.h; path = ViewController.h; sourceTree = "<group>"; };
		AA5684852042EEF300706C42 /* ViewController.m */ = {isa = PBXFileReference; lastKnownFileType = sourcecode.c.objc; path = ViewController.m; sourceTree = "<group>"; };
		AA5684882042EEF300706C42 /* Base */ = {isa = PBXFileReference; lastKnownFileType = file.storyboard; name = Base; path = Base.lproj/Main.storyboard; sourceTree = "<group>"; };
		AA56848A2042EEF300706C42 /* Assets.xcassets */ = {isa = PBXFileReference; lastKnownFileType = folder.assetcatalog; path = Assets.xcassets; sourceTree = "<group>"; };
		AA56848D2042EEF300706C42 /* Base */ = {isa = PBXFileReference; lastKnownFileType = file.storyboard; name = Base; path = Base.lproj/LaunchScreen.storyboard; sourceTree = "<group>"; };
		AA56848F2042EEF300706C42 /* Info.plist */ = {isa = PBXFileReference; lastKnownFileType = text.plist.xml; path = Info.plist; sourceTree = "<group>"; };
		AA5684902042EEF300706C42 /* main.m */ = {isa = PBXFileReference; lastKnownFileType = sourcecode.c.objc; path = main.m; sourceTree = "<group>"; };
		AA5684982042F0CE00706C42 /* MixiSampleViewController.h */ = {isa = PBXFileReference; lastKnownFileType = sourcecode.c.h; path = MixiSampleViewController.h; sourceTree = "<group>"; };
		AA5684992042F0CE00706C42 /* MixiSampleViewController.m */ = {isa = PBXFileReference; lastKnownFileType = sourcecode.c.objc; path = MixiSampleViewController.m; sourceTree = "<group>"; };
		AA56849A2042F0CE00706C42 /* MixiSampleViewController.xib */ = {isa = PBXFileReference; lastKnownFileType = file.xib; path = MixiSampleViewController.xib; sourceTree = "<group>"; };
/* End PBXFileReference section */

/* Begin PBXFrameworksBuildPhase section */
		AA56847B2042EEF300706C42 /* Frameworks */ = {
			isa = PBXFrameworksBuildPhase;
			buildActionMask = 2147483647;
			files = (
			);
			runOnlyForDeploymentPostprocessing = 0;
		};
/* End PBXFrameworksBuildPhase section */

/* Begin PBXGroup section */
		AA5684752042EEF300706C42 = {
			isa = PBXGroup;
			children = (
				AA5684802042EEF300706C42 /* MyFirstProject */,
				AA56847F2042EEF300706C42 /* Products */,
			);
			sourceTree = "<group>";
		};
		AA56847F2042EEF300706C42 /* Products */ = {
			isa = PBXGroup;
			children = (
				AA56847E2042EEF300706C42 /* MyFirstProject.app */,
			);
			name = Products;
			sourceTree = "<group>";
		};
		AA5684802042EEF300706C42 /* MyFirstProject */ = {
			isa = PBXGroup;
			children = (
				AA5684982042F0CE00706C42 /* MixiSampleViewController.h */,
				AA5684992042F0CE00706C42 /* MixiSampleViewController.m */,
				AA56849A2042F0CE00706C42 /* MixiSampleViewController.xib */,
				AA5684812042EEF300706C42 /* AppDelegate.h */,
				AA5684822042EEF300706C42 /* AppDelegate.m */,
				AA5684842042EEF300706C42 /* ViewController.h */,
				AA5684852042EEF300706C42 /* ViewController.m */,
				AA5684872042EEF300706C42 /* Main.storyboard */,
				AA56848A2042EEF300706C42 /* Assets.xcassets */,
				AA56848C2042EEF300706C42 /* LaunchScreen.storyboard */,
				AA56848F2042EEF300706C42 /* Info.plist */,
				AA5684902042EEF300706C42 /* main.m */,
			);
			path = MyFirstProject;
			sourceTree = "<group>";
		};
/* End PBXGroup section */

/* Begin PBXNativeTarget section */
		AA56847D2042EEF300706C42 /* MyFirstProject */ = {
			isa = PBXNativeTarget;
			buildConfigurationList = AA5684942042EEF300706C42 /* Build configuration list for PBXNativeTarget "MyFirstProject" */;
			buildPhases = (
				AA56847A2042EEF300706C42 /* Sources */,
				AA56847B2042EEF300706C42 /* Frameworks */,
				AA56847C2042EEF300706C42 /* Resources */,
			);
			buildRules = (
			);
			dependencies = (
			);
			name = MyFirstProject;
			productName = MyFirstProject;
			productReference = AA56847E2042EEF300706C42 /* MyFirstProject.app */;
			productType = "com.apple.product-type.application";
		};
/* End PBXNativeTarget section */

/* Begin PBXProject section */
		AA5684762042EEF300706C42 /* Project object */ = {
			isa = PBXProject;
			attributes = {
				LastUpgradeCheck = 0920;
				ORGANIZATIONNAME = "Yoshikazu Ando";
				TargetAttributes = {
					AA56847D2042EEF300706C42 = {
						CreatedOnToolsVersion = 9.2;
						ProvisioningStyle = Automatic;
					};
				};
			};
			buildConfigurationList = AA5684792042EEF300706C42 /* Build configuration list for PBXProject "MyFirstProject" */;
			compatibilityVersion = "Xcode 8.0";
			developmentRegion = en;
			hasScannedForEncodings = 0;
			knownRegions = (
				en,
				Base,
			);
			mainGroup = AA5684752042EEF300706C42;
			productRefGroup = AA56847F2042EEF300706C42 /* Products */;
			projectDirPath = "";
			projectRoot = "";
			targets = (
				AA56847D2042EEF300706C42 /* MyFirstProject */,
			);
		};
/* End PBXProject section */

/* Begin PBXResourcesBuildPhase section */
		AA56847C2042EEF300706C42 /* Resources */ = {
			isa = PBXResourcesBuildPhase;
			buildActionMask = 2147483647;
			files = (
				AA56848E2042EEF300706C42 /* LaunchScreen.storyboard in Resources */,
				AA56849C2042F0CE00706C42 /* MixiSampleViewController.xib in Resources */,
				AA56848B2042EEF300706C42 /* Assets.xcassets in Resources */,
				AA5684892042EEF300706C42 /* Main.storyboard in Resources */,
			);
			runOnlyForDeploymentPostprocessing = 0;
		};
/* End PBXResourcesBuildPhase section */

/* Begin PBXSourcesBuildPhase section */
		AA56847A2042EEF300706C42 /* Sources */ = {
			isa = PBXSourcesBuildPhase;
			buildActionMask = 2147483647;
			files = (
				AA5684862042EEF300706C42 /* ViewController.m in Sources */,
				AA56849B2042F0CE00706C42 /* MixiSampleViewController.m in Sources */,
				AA5684912042EEF300706C42 /* main.m in Sources */,
				AA5684832042EEF300706C42 /* AppDelegate.m in Sources */,
			);
			runOnlyForDeploymentPostprocessing = 0;
		};
/* End PBXSourcesBuildPhase section */

/* Begin PBXVariantGroup section */
		AA5684872042EEF300706C42 /* Main.storyboard */ = {
			isa = PBXVariantGroup;
			children = (
				AA5684882042EEF300706C42 /* Base */,
			);
			name = Main.storyboard;
			sourceTree = "<group>";
		};
		AA56848C2042EEF300706C42 /* LaunchScreen.storyboard */ = {
			isa = PBXVariantGroup;
			children = (
				AA56848D2042EEF300706C42 /* Base */,
			);
			name = LaunchScreen.storyboard;
			sourceTree = "<group>";
		};
/* End PBXVariantGroup section */

/* Begin XCBuildConfiguration section */
		AA5684922042EEF300706C42 /* Debug */ = {
			isa = XCBuildConfiguration;
			buildSettings = {
				ALWAYS_SEARCH_USER_PATHS = NO;
				CLANG_ANALYZER_NONNULL = YES;
				CLANG_ANALYZER_NUMBER_OBJECT_CONVERSION = YES_AGGRESSIVE;
				CLANG_CXX_LANGUAGE_STANDARD = "gnu++14";
				CLANG_CXX_LIBRARY = "libc++";
				CLANG_ENABLE_MODULES = YES;
				CLANG_ENABLE_OBJC_ARC = YES;
				CLANG_WARN_BLOCK_CAPTURE_AUTORELEASING = YES;
				CLANG_WARN_BOOL_CONVERSION = YES;
				CLANG_WARN_COMMA = YES;
				CLANG_WARN_CONSTANT_CONVERSION = YES;
				CLANG_WARN_DIRECT_OBJC_ISA_USAGE = YES_ERROR;
				CLANG_WARN_DOCUMENTATION_COMMENTS = YES;
				CLANG_WARN_EMPTY_BODY = YES;
				CLANG_WARN_ENUM_CONVERSION = YES;
				CLANG_WARN_INFINITE_RECURSION = YES;
				CLANG_WARN_INT_CONVERSION = YES;
				CLANG_WARN_NON_LITERAL_NULL_CONVERSION = YES;
				CLANG_WARN_OBJC_LITERAL_CONVERSION = YES;
				CLANG_WARN_OBJC_ROOT_CLASS = YES_ERROR;
				CLANG_WARN_RANGE_LOOP_ANALYSIS = YES;
				CLANG_WARN_STRICT_PROTOTYPES = YES;
				CLANG_WARN_SUSPICIOUS_MOVE = YES;
				CLANG_WARN_UNGUARDED_AVAILABILITY = YES_AGGRESSIVE;
				CLANG_WARN_UNREACHABLE_CODE = YES;
				CLANG_WARN__DUPLICATE_METHOD_MATCH = YES;
				CODE_SIGN_IDENTITY = "iPhone Developer";
				COPY_PHASE_STRIP = NO;
				DEBUG_INFORMATION_FORMAT = dwarf;
				ENABLE_STRICT_OBJC_MSGSEND = YES;
				ENABLE_TESTABILITY = YES;
				GCC_C_LANGUAGE_STANDARD = gnu11;
				GCC_DYNAMIC_NO_PIC = NO;
				GCC_NO_COMMON_BLOCKS = YES;
				GCC_OPTIMIZATION_LEVEL = 0;
				GCC_PREPROCESSOR_DEFINITIONS = (
					"DEBUG=1",
					"$(inherited)",
				);
				GCC_WARN_64_TO_32_BIT_CONVERSION = YES;
				GCC_WARN_ABOUT_RETURN_TYPE = YES_ERROR;
				GCC_WARN_UNDECLARED_SELECTOR = YES;
				GCC_WARN_UNINITIALIZED_AUTOS = YES_AGGRESSIVE;
				GCC_WARN_UNUSED_FUNCTION = YES;
				GCC_WARN_UNUSED_VARIABLE = YES;
				IPHONEOS_DEPLOYMENT_TARGET = 11.2;
				MTL_ENABLE_DEBUG_INFO = YES;
				ONLY_ACTIVE_ARCH = YES;
				SDKROOT = iphoneos;
			};
			name = Debug;
		};
		AA5684932042EEF300706C42 /* Release */ = {
			isa = XCBuildConfiguration;
			buildSettings = {
				ALWAYS_SEARCH_USER_PATHS = NO;
				CLANG_ANALYZER_NONNULL = YES;
				CLANG_ANALYZER_NUMBER_OBJECT_CONVERSION = YES_AGGRESSIVE;
				CLANG_CXX_LANGUAGE_STANDARD = "gnu++14";
				CLANG_CXX_LIBRARY = "libc++";
				CLANG_ENABLE_MODULES = YES;
				CLANG_ENABLE_OBJC_ARC = YES;
				CLANG_WARN_BLOCK_CAPTURE_AUTORELEASING = YES;
				CLANG_WARN_BOOL_CONVERSION = YES;
				CLANG_WARN_COMMA = YES;
				CLANG_WARN_CONSTANT_CONVERSION = YES;
				CLANG_WARN_DIRECT_OBJC_ISA_USAGE = YES_ERROR;
				CLANG_WARN_DOCUMENTATION_COMMENTS = YES;
				CLANG_WARN_EMPTY_BODY = YES;
				CLANG_WARN_ENUM_CONVERSION = YES;
				CLANG_WARN_INFINITE_RECURSION = YES;
				CLANG_WARN_INT_CONVERSION = YES;
				CLANG_WARN_NON_LITERAL_NULL_CONVERSION = YES;
				CLANG_WARN_OBJC_LITERAL_CONVERSION = YES;
				CLANG_WARN_OBJC_ROOT_CLASS = YES_ERROR;
				CLANG_WARN_RANGE_LOOP_ANALYSIS = YES;
				CLANG_WARN_STRICT_PROTOTYPES = YES;
				CLANG_WARN_SUSPICIOUS_MOVE = YES;
				CLANG_WARN_UNGUARDED_AVAILABILITY = YES_AGGRESSIVE;
				CLANG_WARN_UNREACHABLE_CODE = YES;
				CLANG_WARN__DUPLICATE_METHOD_MATCH = YES;
				CODE_SIGN_IDENTITY = "iPhone Developer";
				COPY_PHASE_STRIP = NO;
				DEBUG_INFORMATION_FORMAT = "dwarf-with-dsym";
				ENABLE_NS_ASSERTIONS = NO;
				ENABLE_STRICT_OBJC_MSGSEND = YES;
				GCC_C_LANGUAGE_STANDARD = gnu11;
				GCC_NO_COMMON_BLOCKS = YES;
				GCC_WARN_64_TO_32_BIT_CONVERSION = YES;
				GCC_WARN_ABOUT_RETURN_TYPE = YES_ERROR;
				GCC_WARN_UNDECLARED_SELECTOR = YES;
				GCC_WARN_UNINITIALIZED_AUTOS = YES_AGGRESSIVE;
				GCC_WARN_UNUSED_FUNCTION = YES;
				GCC_WARN_UNUSED_VARIABLE = YES;
				IPHONEOS_DEPLOYMENT_TARGET = 11.2;
				MTL_ENABLE_DEBUG_INFO = NO;
				SDKROOT = iphoneos;
				VALIDATE_PRODUCT = YES;
			};
			name = Release;
		};
		AA5684952042EEF300706C42 /* Debug */ = {
			isa = XCBuildConfiguration;
			buildSettings = {
				ASSETCATALOG_COMPILER_APPICON_NAME = AppIcon;
				CODE_SIGN_STYLE = Automatic;
				INFOPLIST_FILE = MyFirstProject/Info.plist;
				LD_RUNPATH_SEARCH_PATHS = "$(inherited) @executable_path/Frameworks";
				PRODUCT_BUNDLE_IDENTIFIER = com.andooown.MyFirstProject;
				PRODUCT_NAME = "$(TARGET_NAME)";
				TARGETED_DEVICE_FAMILY = "1,2";
			};
			name = Debug;
		};
		AA5684962042EEF300706C42 /* Release */ = {
			isa = XCBuildConfiguration;
			buildSettings = {
				ASSETCATALOG_COMPILER_APPICON_NAME = AppIcon;
				CODE_SIGN_STYLE = Automatic;
				INFOPLIST_FILE = MyFirstProject/Info.plist;
				LD_RUNPATH_SEARCH_PATHS = "$(inherited) @executable_path/Frameworks";
				PRODUCT_BUNDLE_IDENTIFIER = com.andooown.MyFirstProject;
				PRODUCT_NAME = "$(TARGET_NAME)";
				TARGETED_DEVICE_FAMILY = "1,2";
			};
			name = Release;
		};
/* End XCBuildConfiguration section */

/* Begin XCConfigurationList section */
		AA5684792042EEF300706C42 /* Build configuration list for PBXProject "MyFirstProject" */ = {
			isa = XCConfigurationList;
			buildConfigurations = (
				AA5684922042EEF300706C42 /* Debug */,
				AA5684932042EEF300706C42 /* Release */,
			);
			defaultConfigurationIsVisible = 0;
			defaultConfigurationName = Release;
		};
		AA5684942042EEF300706C42 /* Build configuration list for PBXNativeTarget "MyFirstProject" */ = {
			isa = XCConfigurationList;
			buildConfigurations = (
				AA5684952042EEF300706C42 /* Debug */,
				AA5684962042EEF300706C42 /* Release */,
			);
			defaultConfigurationIsVisible = 0;
			defaultConfigurationName = Release;
		};
/* End XCConfigurationList section */
	};
	rootObject = AA5684762042EEF300706C42 /* Project object */;
}
